
Microsoft Visual Studio Solution File, Format Version 12.00
# Visual Studio Version 17
VisualStudioVersion = 17.6.33815.320
MinimumVisualStudioVersion = 10.0.40219.1
Project("{FAE04EC0-301F-11D3-BF4B-00C04F79EFBC}") = "WebApplication4", "WebApplication4\WebApplication4.csproj", "{694DBBF6-EAF4-4E11-B954-8146EF4A0ECD}"
EndProject
Global
	GlobalSection(SolutionConfigurationPlatforms) = preSolution
		Debug|Any CPU = Debug|Any CPU
		Release|Any CPU = Release|Any CPU
	EndGlobalSection
	GlobalSection(ProjectConfigurationPlatforms) = postSolution
		{694DBBF6-EAF4-4E11-B954-8146EF4A0ECD}.Debug|Any CPU.ActiveCfg = Debug|Any CPU
		{694DBBF6-EAF4-4E11-B954-8146EF4A0ECD}.Debug|Any CPU.Build.0 = Debug|Any CPU
		{694DBBF6-EAF4-4E11-B954-8146EF4A0ECD}.Release|Any CPU.ActiveCfg = Release|Any CPU
		{694DBBF6-EAF4-4E11-B954-8146EF4A0ECD}.Release|Any CPU.Build.0 = Release|Any CPU
	EndGlobalSection
	GlobalSection(SolutionProperties) = preSolution
		HideSolutionNode = FALSE
	EndGlobalSection
	GlobalSection(ExtensibilityGlobals) = postSolution
		SolutionGuid = {EF8E3D61-711B-4898-9F67-7D9677ED1E9F}
	EndGlobalSection
EndGlobal
